
Microsoft Visual Studio Solution File, Format Version 12.00
# Visual Studio 15
VisualStudioVersion = 15.0.26430.6
MinimumVisualStudioVersion = 10.0.40219.1
Project("{FAE04EC0-301F-11D3-BF4B-00C04F79EFBC}") = "AdvancedMartialArts", "AdvancedFighterMod\AdvancedMartialArts.csproj", "{160AF111-CDA4-47CD-83A2-D2928A0D3253}"
EndProject
Global
	GlobalSection(SolutionConfigurationPlatforms) = preSolution
		Debug|Any CPU = Debug|Any CPU
		Release|Any CPU = Release|Any CPU
	EndGlobalSection
	GlobalSection(ProjectConfigurationPlatforms) = postSolution
		{160AF111-CDA4-47CD-83A2-D2928A0D3253}.Debug|Any CPU.ActiveCfg = Debug|Any CPU
		{160AF111-CDA4-47CD-83A2-D2928A0D3253}.Debug|Any CPU.Build.0 = Debug|Any CPU
		{160AF111-CDA4-47CD-83A2-D2928A0D3253}.Release|Any CPU.ActiveCfg = Release|Any CPU
		{160AF111-CDA4-47CD-83A2-D2928A0D3253}.Release|Any CPU.Build.0 = Release|Any CPU
	EndGlobalSection
	GlobalSection(SolutionProperties) = preSolution
		HideSolutionNode = FALSE
	EndGlobalSection
	GlobalSection(ExtensibilityGlobals) = postSolution
		SolutionGuid = {261A5452-61C4-47A4-B2BB-F7A63ED27818}
	EndGlobalSection
EndGlobal
